// !$*UTF8*$!
{
	archiveVersion = 1;
	classes = {
	};
	objectVersion = 46;
	objects = {

/* Begin PBXBuildFile section */
		1C54C9DA1E96AB2900451405 /* TVCommand.swift in Sources */ = {isa = PBXBuildFile; fileRef = 1C54C9D91E96AB2900451405 /* TVCommand.swift */; };
		1C54C9DB1E96AB2900451405 /* TVCommand.swift in Sources */ = {isa = PBXBuildFile; fileRef = 1C54C9D91E96AB2900451405 /* TVCommand.swift */; };
		1C54C9DC1E96AB2900451405 /* TVCommand.swift in Sources */ = {isa = PBXBuildFile; fileRef = 1C54C9D91E96AB2900451405 /* TVCommand.swift */; };
		1C54C9DD1E96B77900451405 /* ViewController.swift in Sources */ = {isa = PBXBuildFile; fileRef = 1C645D8B1E96A5AF00248E00 /* ViewController.swift */; };
		1C54C9DE1E96B77900451405 /* ViewController.swift in Sources */ = {isa = PBXBuildFile; fileRef = 1C645D8B1E96A5AF00248E00 /* ViewController.swift */; };
		1C54C9E01E96C36200451405 /* AuthenticationViewController.swift in Sources */ = {isa = PBXBuildFile; fileRef = 1C54C9DF1E96C36200451405 /* AuthenticationViewController.swift */; };
		1C54C9E11E96C36200451405 /* AuthenticationViewController.swift in Sources */ = {isa = PBXBuildFile; fileRef = 1C54C9DF1E96C36200451405 /* AuthenticationViewController.swift */; };
		1C54C9E21E96C36200451405 /* AuthenticationViewController.swift in Sources */ = {isa = PBXBuildFile; fileRef = 1C54C9DF1E96C36200451405 /* AuthenticationViewController.swift */; };
		1C645D8A1E96A5AF00248E00 /* AppDelegate.swift in Sources */ = {isa = PBXBuildFile; fileRef = 1C645D891E96A5AF00248E00 /* AppDelegate.swift */; };
		1C645D8C1E96A5AF00248E00 /* ViewController.swift in Sources */ = {isa = PBXBuildFile; fileRef = 1C645D8B1E96A5AF00248E00 /* ViewController.swift */; };
		1C645D8F1E96A5AF00248E00 /* Main.storyboard in Resources */ = {isa = PBXBuildFile; fileRef = 1C645D8D1E96A5AF00248E00 /* Main.storyboard */; };
		1C645D911E96A5AF00248E00 /* Assets.xcassets in Resources */ = {isa = PBXBuildFile; fileRef = 1C645D901E96A5AF00248E00 /* Assets.xcassets */; };
		1C645D941E96A5AF00248E00 /* LaunchScreen.storyboard in Resources */ = {isa = PBXBuildFile; fileRef = 1C645D921E96A5AF00248E00 /* LaunchScreen.storyboard */; };
		1C645D9F1E96A5AF00248E00 /* Bravia_TV_RemoteTests.swift in Sources */ = {isa = PBXBuildFile; fileRef = 1C645D9E1E96A5AF00248E00 /* Bravia_TV_RemoteTests.swift */; };
		1C645DAA1E96A5AF00248E00 /* Bravia_TV_RemoteUITests.swift in Sources */ = {isa = PBXBuildFile; fileRef = 1C645DA91E96A5AF00248E00 /* Bravia_TV_RemoteUITests.swift */; };
		2E37FB5E5B26FA3F0F72BC2B /* Pods_Bravia_TV_RemoteTests.framework in Frameworks */ = {isa = PBXBuildFile; fileRef = 6857FA5C5E1B3F7FBECEA467 /* Pods_Bravia_TV_RemoteTests.framework */; };
		776376E18C1CFB49BFC8782E /* Pods_Bravia_TV_RemoteUITests.framework in Frameworks */ = {isa = PBXBuildFile; fileRef = D3CB00DDCCE66588C7B57E56 /* Pods_Bravia_TV_RemoteUITests.framework */; };
		E04CFFF65770C0EDE21D646A /* Pods_Bravia_TV_Remote.framework in Frameworks */ = {isa = PBXBuildFile; fileRef = B72FAF259F151EC5461D97EF /* Pods_Bravia_TV_Remote.framework */; };
/* End PBXBuildFile section */

/* Begin PBXContainerItemProxy section */
		1C645D9B1E96A5AF00248E00 /* PBXContainerItemProxy */ = {
			isa = PBXContainerItemProxy;
			containerPortal = 1C645D7E1E96A5AF00248E00 /* Project object */;
			proxyType = 1;
			remoteGlobalIDString = 1C645D851E96A5AF00248E00;
			remoteInfo = "Bravia TV Remote";
		};
		1C645DA61E96A5AF00248E00 /* PBXContainerItemProxy */ = {
			isa = PBXContainerItemProxy;
			containerPortal = 1C645D7E1E96A5AF00248E00 /* Project object */;
			proxyType = 1;
			remoteGlobalIDString = 1C645D851E96A5AF00248E00;
			remoteInfo = "Bravia TV Remote";
		};
/* End PBXContainerItemProxy section */

/* Begin PBXFileReference section */
		0ECA90B2582925C948CBDE3D /* Pods-Bravia TV RemoteUITests.debug.xcconfig */ = {isa = PBXFileReference; includeInIndex = 1; lastKnownFileType = text.xcconfig; name = "Pods-Bravia TV RemoteUITests.debug.xcconfig"; path = "Pods/Target Support Files/Pods-Bravia TV RemoteUITests/Pods-Bravia TV RemoteUITests.debug.xcconfig"; sourceTree = "<group>"; };
		0FF769C178A9ADD87EE97AD5 /* Pods-Bravia TV RemoteUITests.release.xcconfig */ = {isa = PBXFileReference; includeInIndex = 1; lastKnownFileType = text.xcconfig; name = "Pods-Bravia TV RemoteUITests.release.xcconfig"; path = "Pods/Target Support Files/Pods-Bravia TV RemoteUITests/Pods-Bravia TV RemoteUITests.release.xcconfig"; sourceTree = "<group>"; };
		1C54C9D91E96AB2900451405 /* TVCommand.swift */ = {isa = PBXFileReference; fileEncoding = 4; lastKnownFileType = sourcecode.swift; path = TVCommand.swift; sourceTree = "<group>"; };
		1C54C9DF1E96C36200451405 /* AuthenticationViewController.swift */ = {isa = PBXFileReference; fileEncoding = 4; lastKnownFileType = sourcecode.swift; path = AuthenticationViewController.swift; sourceTree = "<group>"; };
		1C645D861E96A5AF00248E00 /* Bravia TV Remote.app */ = {isa = PBXFileReference; explicitFileType = wrapper.application; includeInIndex = 0; path = "Bravia TV Remote.app"; sourceTree = BUILT_PRODUCTS_DIR; };
		1C645D891E96A5AF00248E00 /* AppDelegate.swift */ = {isa = PBXFileReference; lastKnownFileType = sourcecode.swift; path = AppDelegate.swift; sourceTree = "<group>"; };
		1C645D8B1E96A5AF00248E00 /* ViewController.swift */ = {isa = PBXFileReference; lastKnownFileType = sourcecode.swift; path = ViewController.swift; sourceTree = "<group>"; };
		1C645D8E1E96A5AF00248E00 /* Base */ = {isa = PBXFileReference; lastKnownFileType = file.storyboard; name = Base; path = Base.lproj/Main.storyboard; sourceTree = "<group>"; };
		1C645D901E96A5AF00248E00 /* Assets.xcassets */ = {isa = PBXFileReference; lastKnownFileType = folder.assetcatalog; path = Assets.xcassets; sourceTree = "<group>"; };
		1C645D931E96A5AF00248E00 /* Base */ = {isa = PBXFileReference; lastKnownFileType = file.storyboard; name = Base; path = Base.lproj/LaunchScreen.storyboard; sourceTree = "<group>"; };
		1C645D951E96A5AF00248E00 /* Info.plist */ = {isa = PBXFileReference; lastKnownFileType = text.plist.xml; path = Info.plist; sourceTree = "<group>"; };
		1C645D9A1E96A5AF00248E00 /* Bravia TV RemoteTests.xctest */ = {isa = PBXFileReference; explicitFileType = wrapper.cfbundle; includeInIndex = 0; path = "Bravia TV RemoteTests.xctest"; sourceTree = BUILT_PRODUCTS_DIR; };
		1C645D9E1E96A5AF00248E00 /* Bravia_TV_RemoteTests.swift */ = {isa = PBXFileReference; lastKnownFileType = sourcecode.swift; path = Bravia_TV_RemoteTests.swift; sourceTree = "<group>"; };
		1C645DA01E96A5AF00248E00 /* Info.plist */ = {isa = PBXFileReference; lastKnownFileType = text.plist.xml; path = Info.plist; sourceTree = "<group>"; };
		1C645DA51E96A5AF00248E00 /* Bravia TV RemoteUITests.xctest */ = {isa = PBXFileReference; explicitFileType = wrapper.cfbundle; includeInIndex = 0; path = "Bravia TV RemoteUITests.xctest"; sourceTree = BUILT_PRODUCTS_DIR; };
		1C645DA91E96A5AF00248E00 /* Bravia_TV_RemoteUITests.swift */ = {isa = PBXFileReference; lastKnownFileType = sourcecode.swift; path = Bravia_TV_RemoteUITests.swift; sourceTree = "<group>"; };
		1C645DAB1E96A5AF00248E00 /* Info.plist */ = {isa = PBXFileReference; lastKnownFileType = text.plist.xml; path = Info.plist; sourceTree = "<group>"; };
		2B676C683B3288B3CCE463CD /* Pods-Bravia TV RemoteTests.debug.xcconfig */ = {isa = PBXFileReference; includeInIndex = 1; lastKnownFileType = text.xcconfig; name = "Pods-Bravia TV RemoteTests.debug.xcconfig"; path = "Pods/Target Support Files/Pods-Bravia TV RemoteTests/Pods-Bravia TV RemoteTests.debug.xcconfig"; sourceTree = "<group>"; };
		6857FA5C5E1B3F7FBECEA467 /* Pods_Bravia_TV_RemoteTests.framework */ = {isa = PBXFileReference; explicitFileType = wrapper.framework; includeInIndex = 0; path = Pods_Bravia_TV_RemoteTests.framework; sourceTree = BUILT_PRODUCTS_DIR; };
		6BBCD460D5D57C84212F836A /* Pods-Bravia TV Remote.release.xcconfig */ = {isa = PBXFileReference; includeInIndex = 1; lastKnownFileType = text.xcconfig; name = "Pods-Bravia TV Remote.release.xcconfig"; path = "Pods/Target Support Files/Pods-Bravia TV Remote/Pods-Bravia TV Remote.release.xcconfig"; sourceTree = "<group>"; };
		A9C38B55795577A0CAA6D557 /* Pods-Bravia TV Remote.debug.xcconfig */ = {isa = PBXFileReference; includeInIndex = 1; lastKnownFileType = text.xcconfig; name = "Pods-Bravia TV Remote.debug.xcconfig"; path = "Pods/Target Support Files/Pods-Bravia TV Remote/Pods-Bravia TV Remote.debug.xcconfig"; sourceTree = "<group>"; };
		AACDE9E94414ED6A94D87BDE /* Pods-Bravia TV RemoteTests.release.xcconfig */ = {isa = PBXFileReference; includeInIndex = 1; lastKnownFileType = text.xcconfig; name = "Pods-Bravia TV RemoteTests.release.xcconfig"; path = "Pods/Target Support Files/Pods-Bravia TV RemoteTests/Pods-Bravia TV RemoteTests.release.xcconfig"; sourceTree = "<group>"; };
		B72FAF259F151EC5461D97EF /* Pods_Bravia_TV_Remote.framework */ = {isa = PBXFileReference; explicitFileType = wrapper.framework; includeInIndex = 0; path = Pods_Bravia_TV_Remote.framework; sourceTree = BUILT_PRODUCTS_DIR; };
		D3CB00DDCCE66588C7B57E56 /* Pods_Bravia_TV_RemoteUITests.framework */ = {isa = PBXFileReference; explicitFileType = wrapper.framework; includeInIndex = 0; path = Pods_Bravia_TV_RemoteUITests.framework; sourceTree = BUILT_PRODUCTS_DIR; };
/* End PBXFileReference section */

/* Begin PBXFrameworksBuildPhase section */
		1C645D831E96A5AF00248E00 /* Frameworks */ = {
			isa = PBXFrameworksBuildPhase;
			buildActionMask = 2147483647;
			files = (
				E04CFFF65770C0EDE21D646A /* Pods_Bravia_TV_Remote.framework in Frameworks */,
			);
			runOnlyForDeploymentPostprocessing = 0;
		};
		1C645D971E96A5AF00248E00 /* Frameworks */ = {
			isa = PBXFrameworksBuildPhase;
			buildActionMask = 2147483647;
			files = (
				2E37FB5E5B26FA3F0F72BC2B /* Pods_Bravia_TV_RemoteTests.framework in Frameworks */,
			);
			runOnlyForDeploymentPostprocessing = 0;
		};
		1C645DA21E96A5AF00248E00 /* Frameworks */ = {
			isa = PBXFrameworksBuildPhase;
			buildActionMask = 2147483647;
			files = (
				776376E18C1CFB49BFC8782E /* Pods_Bravia_TV_RemoteUITests.framework in Frameworks */,
			);
			runOnlyForDeploymentPostprocessing = 0;
		};
/* End PBXFrameworksBuildPhase section */

/* Begin PBXGroup section */
		1C645D7D1E96A5AF00248E00 = {
			isa = PBXGroup;
			children = (
				1C645D881E96A5AF00248E00 /* Bravia TV Remote */,
				1C645D9D1E96A5AF00248E00 /* Bravia TV RemoteTests */,
				1C645DA81E96A5AF00248E00 /* Bravia TV RemoteUITests */,
				1C645D871E96A5AF00248E00 /* Products */,
				74B6B48969DD9135F2AFA347 /* Pods */,
				9917CF15DC7DBD4EFFDA8F41 /* Frameworks */,
			);
			sourceTree = "<group>";
		};
		1C645D871E96A5AF00248E00 /* Products */ = {
			isa = PBXGroup;
			children = (
				1C645D861E96A5AF00248E00 /* Bravia TV Remote.app */,
				1C645D9A1E96A5AF00248E00 /* Bravia TV RemoteTests.xctest */,
				1C645DA51E96A5AF00248E00 /* Bravia TV RemoteUITests.xctest */,
			);
			name = Products;
			sourceTree = "<group>";
		};
		1C645D881E96A5AF00248E00 /* Bravia TV Remote */ = {
			isa = PBXGroup;
			children = (
				1C645D891E96A5AF00248E00 /* AppDelegate.swift */,
				1C645D8B1E96A5AF00248E00 /* ViewController.swift */,
				1C54C9D91E96AB2900451405 /* TVCommand.swift */,
				1C645D8D1E96A5AF00248E00 /* Main.storyboard */,
				1C54C9DF1E96C36200451405 /* AuthenticationViewController.swift */,
				1C645D901E96A5AF00248E00 /* Assets.xcassets */,
				1C645D921E96A5AF00248E00 /* LaunchScreen.storyboard */,
				1C645D951E96A5AF00248E00 /* Info.plist */,
			);
			path = "Bravia TV Remote";
			sourceTree = "<group>";
		};
		1C645D9D1E96A5AF00248E00 /* Bravia TV RemoteTests */ = {
			isa = PBXGroup;
			children = (
				1C645D9E1E96A5AF00248E00 /* Bravia_TV_RemoteTests.swift */,
				1C645DA01E96A5AF00248E00 /* Info.plist */,
			);
			path = "Bravia TV RemoteTests";
			sourceTree = "<group>";
		};
		1C645DA81E96A5AF00248E00 /* Bravia TV RemoteUITests */ = {
			isa = PBXGroup;
			children = (
				1C645DA91E96A5AF00248E00 /* Bravia_TV_RemoteUITests.swift */,
				1C645DAB1E96A5AF00248E00 /* Info.plist */,
			);
			path = "Bravia TV RemoteUITests";
			sourceTree = "<group>";
		};
		74B6B48969DD9135F2AFA347 /* Pods */ = {
			isa = PBXGroup;
			children = (
				A9C38B55795577A0CAA6D557 /* Pods-Bravia TV Remote.debug.xcconfig */,
				6BBCD460D5D57C84212F836A /* Pods-Bravia TV Remote.release.xcconfig */,
				2B676C683B3288B3CCE463CD /* Pods-Bravia TV RemoteTests.debug.xcconfig */,
				AACDE9E94414ED6A94D87BDE /* Pods-Bravia TV RemoteTests.release.xcconfig */,
				0ECA90B2582925C948CBDE3D /* Pods-Bravia TV RemoteUITests.debug.xcconfig */,
				0FF769C178A9ADD87EE97AD5 /* Pods-Bravia TV RemoteUITests.release.xcconfig */,
			);
			name = Pods;
			sourceTree = "<group>";
		};
		9917CF15DC7DBD4EFFDA8F41 /* Frameworks */ = {
			isa = PBXGroup;
			children = (
				B72FAF259F151EC5461D97EF /* Pods_Bravia_TV_Remote.framework */,
				6857FA5C5E1B3F7FBECEA467 /* Pods_Bravia_TV_RemoteTests.framework */,
				D3CB00DDCCE66588C7B57E56 /* Pods_Bravia_TV_RemoteUITests.framework */,
			);
			name = Frameworks;
			sourceTree = "<group>";
		};
/* End PBXGroup section */

/* Begin PBXNativeTarget section */
		1C645D851E96A5AF00248E00 /* Bravia TV Remote */ = {
			isa = PBXNativeTarget;
			buildConfigurationList = 1C645DAE1E96A5AF00248E00 /* Build configuration list for PBXNativeTarget "Bravia TV Remote" */;
			buildPhases = (
				6AF2FEA742ED32D35B165E36 /* [CP] Check Pods Manifest.lock */,
				1C645D821E96A5AF00248E00 /* Sources */,
				1C645D831E96A5AF00248E00 /* Frameworks */,
				1C645D841E96A5AF00248E00 /* Resources */,
				058E1D7EE4A4469C5D615C9A /* [CP] Embed Pods Frameworks */,
				9D4FE0D5FE5E39E4381C2499 /* [CP] Copy Pods Resources */,
			);
			buildRules = (
			);
			dependencies = (
			);
			name = "Bravia TV Remote";
			productName = "Bravia TV Remote";
			productReference = 1C645D861E96A5AF00248E00 /* Bravia TV Remote.app */;
			productType = "com.apple.product-type.application";
		};
		1C645D991E96A5AF00248E00 /* Bravia TV RemoteTests */ = {
			isa = PBXNativeTarget;
			buildConfigurationList = 1C645DB11E96A5AF00248E00 /* Build configuration list for PBXNativeTarget "Bravia TV RemoteTests" */;
			buildPhases = (
				06537E2B12A8CCBFAB8BDB48 /* [CP] Check Pods Manifest.lock */,
				1C645D961E96A5AF00248E00 /* Sources */,
				1C645D971E96A5AF00248E00 /* Frameworks */,
				1C645D981E96A5AF00248E00 /* Resources */,
				FC6695BBB1FE8379CCBDBC03 /* [CP] Embed Pods Frameworks */,
				0396CEA568D1674F560071DD /* [CP] Copy Pods Resources */,
			);
			buildRules = (
			);
			dependencies = (
				1C645D9C1E96A5AF00248E00 /* PBXTargetDependency */,
			);
			name = "Bravia TV RemoteTests";
			productName = "Bravia TV RemoteTests";
			productReference = 1C645D9A1E96A5AF00248E00 /* Bravia TV RemoteTests.xctest */;
			productType = "com.apple.product-type.bundle.unit-test";
		};
		1C645DA41E96A5AF00248E00 /* Bravia TV RemoteUITests */ = {
			isa = PBXNativeTarget;
			buildConfigurationList = 1C645DB41E96A5AF00248E00 /* Build configuration list for PBXNativeTarget "Bravia TV RemoteUITests" */;
			buildPhases = (
				AAB672B5A08DF53CE588E34A /* [CP] Check Pods Manifest.lock */,
				1C645DA11E96A5AF00248E00 /* Sources */,
				1C645DA21E96A5AF00248E00 /* Frameworks */,
				1C645DA31E96A5AF00248E00 /* Resources */,
				FC7044FF3FA0F19CE4DE9170 /* [CP] Embed Pods Frameworks */,
				E73FB6B1FB61C4CD8AC9D24A /* [CP] Copy Pods Resources */,
			);
			buildRules = (
			);
			dependencies = (
				1C645DA71E96A5AF00248E00 /* PBXTargetDependency */,
			);
			name = "Bravia TV RemoteUITests";
			productName = "Bravia TV RemoteUITests";
			productReference = 1C645DA51E96A5AF00248E00 /* Bravia TV RemoteUITests.xctest */;
			productType = "com.apple.product-type.bundle.ui-testing";
		};
/* End PBXNativeTarget section */

/* Begin PBXProject section */
		1C645D7E1E96A5AF00248E00 /* Project object */ = {
			isa = PBXProject;
			attributes = {
				LastSwiftUpdateCheck = 0830;
				LastUpgradeCheck = 0830;
				ORGANIZATIONNAME = "Craig Rhodes";
				TargetAttributes = {
					1C645D851E96A5AF00248E00 = {
						CreatedOnToolsVersion = 8.3;
						DevelopmentTeam = KF3JR6832Y;
						ProvisioningStyle = Automatic;
					};
					1C645D991E96A5AF00248E00 = {
						CreatedOnToolsVersion = 8.3;
						DevelopmentTeam = KF3JR6832Y;
						ProvisioningStyle = Automatic;
						TestTargetID = 1C645D851E96A5AF00248E00;
					};
					1C645DA41E96A5AF00248E00 = {
						CreatedOnToolsVersion = 8.3;
						DevelopmentTeam = KF3JR6832Y;
						ProvisioningStyle = Automatic;
						TestTargetID = 1C645D851E96A5AF00248E00;
					};
				};
			};
			buildConfigurationList = 1C645D811E96A5AF00248E00 /* Build configuration list for PBXProject "Bravia TV Remote" */;
			compatibilityVersion = "Xcode 3.2";
			developmentRegion = English;
			hasScannedForEncodings = 0;
			knownRegions = (
				en,
				Base,
			);
			mainGroup = 1C645D7D1E96A5AF00248E00;
			productRefGroup = 1C645D871E96A5AF00248E00 /* Products */;
			projectDirPath = "";
			projectRoot = "";
			targets = (
				1C645D851E96A5AF00248E00 /* Bravia TV Remote */,
				1C645D991E96A5AF00248E00 /* Bravia TV RemoteTests */,
				1C645DA41E96A5AF00248E00 /* Bravia TV RemoteUITests */,
			);
		};
/* End PBXProject section */

/* Begin PBXResourcesBuildPhase section */
		1C645D841E96A5AF00248E00 /* Resources */ = {
			isa = PBXResourcesBuildPhase;
			buildActionMask = 2147483647;
			files = (
				1C645D941E96A5AF00248E00 /* LaunchScreen.storyboard in Resources */,
				1C645D911E96A5AF00248E00 /* Assets.xcassets in Resources */,
				1C645D8F1E96A5AF00248E00 /* Main.storyboard in Resources */,
			);
			runOnlyForDeploymentPostprocessing = 0;
		};
		1C645D981E96A5AF00248E00 /* Resources */ = {
			isa = PBXResourcesBuildPhase;
			buildActionMask = 2147483647;
			files = (
			);
			runOnlyForDeploymentPostprocessing = 0;
		};
		1C645DA31E96A5AF00248E00 /* Resources */ = {
			isa = PBXResourcesBuildPhase;
			buildActionMask = 2147483647;
			files = (
			);
			runOnlyForDeploymentPostprocessing = 0;
		};
/* End PBXResourcesBuildPhase section */

/* Begin PBXShellScriptBuildPhase section */
		0396CEA568D1674F560071DD /* [CP] Copy Pods Resources */ = {
			isa = PBXShellScriptBuildPhase;
			buildActionMask = 2147483647;
			files = (
			);
			inputPaths = (
			);
			name = "[CP] Copy Pods Resources";
			outputPaths = (
			);
			runOnlyForDeploymentPostprocessing = 0;
			shellPath = /bin/sh;
			shellScript = "\"${SRCROOT}/Pods/Target Support Files/Pods-Bravia TV RemoteTests/Pods-Bravia TV RemoteTests-resources.sh\"\n";
			showEnvVarsInLog = 0;
		};
		058E1D7EE4A4469C5D615C9A /* [CP] Embed Pods Frameworks */ = {
			isa = PBXShellScriptBuildPhase;
			buildActionMask = 2147483647;
			files = (
			);
			inputPaths = (
			);
			name = "[CP] Embed Pods Frameworks";
			outputPaths = (
			);
			runOnlyForDeploymentPostprocessing = 0;
			shellPath = /bin/sh;
			shellScript = "\"${SRCROOT}/Pods/Target Support Files/Pods-Bravia TV Remote/Pods-Bravia TV Remote-frameworks.sh\"\n";
			showEnvVarsInLog = 0;
		};
		06537E2B12A8CCBFAB8BDB48 /* [CP] Check Pods Manifest.lock */ = {
			isa = PBXShellScriptBuildPhase;
			buildActionMask = 2147483647;
			files = (
			);
			inputPaths = (
			);
			name = "[CP] Check Pods Manifest.lock";
			outputPaths = (
			);
			runOnlyForDeploymentPostprocessing = 0;
			shellPath = /bin/sh;
			shellScript = "diff \"${PODS_ROOT}/../Podfile.lock\" \"${PODS_ROOT}/Manifest.lock\" > /dev/null\nif [ $? != 0 ] ; then\n    # print error to STDERR\n    echo \"error: The sandbox is not in sync with the Podfile.lock. Run 'pod install' or update your CocoaPods installation.\" >&2\n    exit 1\nfi\n";
			showEnvVarsInLog = 0;
		};
		6AF2FEA742ED32D35B165E36 /* [CP] Check Pods Manifest.lock */ = {
			isa = PBXShellScriptBuildPhase;
			buildActionMask = 2147483647;
			files = (
			);
			inputPaths = (
			);
			name = "[CP] Check Pods Manifest.lock";
			outputPaths = (
			);
			runOnlyForDeploymentPostprocessing = 0;
			shellPath = /bin/sh;
			shellScript = "diff \"${PODS_ROOT}/../Podfile.lock\" \"${PODS_ROOT}/Manifest.lock\" > /dev/null\nif [ $? != 0 ] ; then\n    # print error to STDERR\n    echo \"error: The sandbox is not in sync with the Podfile.lock. Run 'pod install' or update your CocoaPods installation.\" >&2\n    exit 1\nfi\n";
			showEnvVarsInLog = 0;
		};
		9D4FE0D5FE5E39E4381C2499 /* [CP] Copy Pods Resources */ = {
			isa = PBXShellScriptBuildPhase;
			buildActionMask = 2147483647;
			files = (
			);
			inputPaths = (
			);
			name = "[CP] Copy Pods Resources";
			outputPaths = (
			);
			runOnlyForDeploymentPostprocessing = 0;
			shellPath = /bin/sh;
			shellScript = "\"${SRCROOT}/Pods/Target Support Files/Pods-Bravia TV Remote/Pods-Bravia TV Remote-resources.sh\"\n";
			showEnvVarsInLog = 0;
		};
		AAB672B5A08DF53CE588E34A /* [CP] Check Pods Manifest.lock */ = {
			isa = PBXShellScriptBuildPhase;
			buildActionMask = 2147483647;
			files = (
			);
			inputPaths = (
			);
			name = "[CP] Check Pods Manifest.lock";
			outputPaths = (
			);
			runOnlyForDeploymentPostprocessing = 0;
			shellPath = /bin/sh;
			shellScript = "diff \"${PODS_ROOT}/../Podfile.lock\" \"${PODS_ROOT}/Manifest.lock\" > /dev/null\nif [ $? != 0 ] ; then\n    # print error to STDERR\n    echo \"error: The sandbox is not in sync with the Podfile.lock. Run 'pod install' or update your CocoaPods installation.\" >&2\n    exit 1\nfi\n";
			showEnvVarsInLog = 0;
		};
		E73FB6B1FB61C4CD8AC9D24A /* [CP] Copy Pods Resources */ = {
			isa = PBXShellScriptBuildPhase;
			buildActionMask = 2147483647;
			files = (
			);
			inputPaths = (
			);
			name = "[CP] Copy Pods Resources";
			outputPaths = (
			);
			runOnlyForDeploymentPostprocessing = 0;
			shellPath = /bin/sh;
			shellScript = "\"${SRCROOT}/Pods/Target Support Files/Pods-Bravia TV RemoteUITests/Pods-Bravia TV RemoteUITests-resources.sh\"\n";
			showEnvVarsInLog = 0;
		};
		FC6695BBB1FE8379CCBDBC03 /* [CP] Embed Pods Frameworks */ = {
			isa = PBXShellScriptBuildPhase;
			buildActionMask = 2147483647;
			files = (
			);
			inputPaths = (
			);
			name = "[CP] Embed Pods Frameworks";
			outputPaths = (
			);
			runOnlyForDeploymentPostprocessing = 0;
			shellPath = /bin/sh;
			shellScript = "\"${SRCROOT}/Pods/Target Support Files/Pods-Bravia TV RemoteTests/Pods-Bravia TV RemoteTests-frameworks.sh\"\n";
			showEnvVarsInLog = 0;
		};
		FC7044FF3FA0F19CE4DE9170 /* [CP] Embed Pods Frameworks */ = {
			isa = PBXShellScriptBuildPhase;
			buildActionMask = 2147483647;
			files = (
			);
			inputPaths = (
			);
			name = "[CP] Embed Pods Frameworks";
			outputPaths = (
			);
			runOnlyForDeploymentPostprocessing = 0;
			shellPath = /bin/sh;
			shellScript = "\"${SRCROOT}/Pods/Target Support Files/Pods-Bravia TV RemoteUITests/Pods-Bravia TV RemoteUITests-frameworks.sh\"\n";
			showEnvVarsInLog = 0;
		};
/* End PBXShellScriptBuildPhase section */

/* Begin PBXSourcesBuildPhase section */
		1C645D821E96A5AF00248E00 /* Sources */ = {
			isa = PBXSourcesBuildPhase;
			buildActionMask = 2147483647;
			files = (
				1C54C9E01E96C36200451405 /* AuthenticationViewController.swift in Sources */,
				1C645D8C1E96A5AF00248E00 /* ViewController.swift in Sources */,
				1C645D8A1E96A5AF00248E00 /* AppDelegate.swift in Sources */,
				1C54C9DA1E96AB2900451405 /* TVCommand.swift in Sources */,
			);
			runOnlyForDeploymentPostprocessing = 0;
		};
		1C645D961E96A5AF00248E00 /* Sources */ = {
			isa = PBXSourcesBuildPhase;
			buildActionMask = 2147483647;
			files = (
				1C54C9E11E96C36200451405 /* AuthenticationViewController.swift in Sources */,
				1C54C9DD1E96B77900451405 /* ViewController.swift in Sources */,
				1C645D9F1E96A5AF00248E00 /* Bravia_TV_RemoteTests.swift in Sources */,
				1C54C9DB1E96AB2900451405 /* TVCommand.swift in Sources */,
			);
			runOnlyForDeploymentPostprocessing = 0;
		};
		1C645DA11E96A5AF00248E00 /* Sources */ = {
			isa = PBXSourcesBuildPhase;
			buildActionMask = 2147483647;
			files = (
				1C54C9E21E96C36200451405 /* AuthenticationViewController.swift in Sources */,
				1C54C9DE1E96B77900451405 /* ViewController.swift in Sources */,
				1C645DAA1E96A5AF00248E00 /* Bravia_TV_RemoteUITests.swift in Sources */,
				1C54C9DC1E96AB2900451405 /* TVCommand.swift in Sources */,
			);
			runOnlyForDeploymentPostprocessing = 0;
		};
/* End PBXSourcesBuildPhase section */

/* Begin PBXTargetDependency section */
		1C645D9C1E96A5AF00248E00 /* PBXTargetDependency */ = {
			isa = PBXTargetDependency;
			target = 1C645D851E96A5AF00248E00 /* Bravia TV Remote */;
			targetProxy = 1C645D9B1E96A5AF00248E00 /* PBXContainerItemProxy */;
		};
		1C645DA71E96A5AF00248E00 /* PBXTargetDependency */ = {
			isa = PBXTargetDependency;
			target = 1C645D851E96A5AF00248E00 /* Bravia TV Remote */;
			targetProxy = 1C645DA61E96A5AF00248E00 /* PBXContainerItemProxy */;
		};
/* End PBXTargetDependency section */

/* Begin PBXVariantGroup section */
		1C645D8D1E96A5AF00248E00 /* Main.storyboard */ = {
			isa = PBXVariantGroup;
			children = (
				1C645D8E1E96A5AF00248E00 /* Base */,
			);
			name = Main.storyboard;
			sourceTree = "<group>";
		};
		1C645D921E96A5AF00248E00 /* LaunchScreen.storyboard */ = {
			isa = PBXVariantGroup;
			children = (
				1C645D931E96A5AF00248E00 /* Base */,
			);
			name = LaunchScreen.storyboard;
			sourceTree = "<group>";
		};
/* End PBXVariantGroup section */

/* Begin XCBuildConfiguration section */
		1C645DAC1E96A5AF00248E00 /* Debug */ = {
			isa = XCBuildConfiguration;
			buildSettings = {
				ALWAYS_SEARCH_USER_PATHS = NO;
				CLANG_ANALYZER_NONNULL = YES;
				CLANG_ANALYZER_NUMBER_OBJECT_CONVERSION = YES_AGGRESSIVE;
				CLANG_CXX_LANGUAGE_STANDARD = "gnu++0x";
				CLANG_CXX_LIBRARY = "libc++";
				CLANG_ENABLE_MODULES = YES;
				CLANG_ENABLE_OBJC_ARC = YES;
				CLANG_WARN_BOOL_CONVERSION = YES;
				CLANG_WARN_CONSTANT_CONVERSION = YES;
				CLANG_WARN_DIRECT_OBJC_ISA_USAGE = YES_ERROR;
				CLANG_WARN_DOCUMENTATION_COMMENTS = YES;
				CLANG_WARN_EMPTY_BODY = YES;
				CLANG_WARN_ENUM_CONVERSION = YES;
				CLANG_WARN_INFINITE_RECURSION = YES;
				CLANG_WARN_INT_CONVERSION = YES;
				CLANG_WARN_OBJC_ROOT_CLASS = YES_ERROR;
				CLANG_WARN_SUSPICIOUS_MOVE = YES;
				CLANG_WARN_UNREACHABLE_CODE = YES;
				CLANG_WARN__DUPLICATE_METHOD_MATCH = YES;
				"CODE_SIGN_IDENTITY[sdk=iphoneos*]" = "iPhone Developer";
				COPY_PHASE_STRIP = NO;
				DEBUG_INFORMATION_FORMAT = dwarf;
				ENABLE_STRICT_OBJC_MSGSEND = YES;
				ENABLE_TESTABILITY = YES;
				GCC_C_LANGUAGE_STANDARD = gnu99;
				GCC_DYNAMIC_NO_PIC = NO;
				GCC_NO_COMMON_BLOCKS = YES;
				GCC_OPTIMIZATION_LEVEL = 0;
				GCC_PREPROCESSOR_DEFINITIONS = (
					"DEBUG=1",
					"$(inherited)",
				);
				GCC_WARN_64_TO_32_BIT_CONVERSION = YES;
				GCC_WARN_ABOUT_RETURN_TYPE = YES_ERROR;
				GCC_WARN_UNDECLARED_SELECTOR = YES;
				GCC_WARN_UNINITIALIZED_AUTOS = YES_AGGRESSIVE;
				GCC_WARN_UNUSED_FUNCTION = YES;
				GCC_WARN_UNUSED_VARIABLE = YES;
				IPHONEOS_DEPLOYMENT_TARGET = 10.3;
				MTL_ENABLE_DEBUG_INFO = YES;
				ONLY_ACTIVE_ARCH = YES;
				SDKROOT = iphoneos;
				SWIFT_ACTIVE_COMPILATION_CONDITIONS = DEBUG;
				SWIFT_OPTIMIZATION_LEVEL = "-Onone";
				TARGETED_DEVICE_FAMILY = "1,2";
			};
			name = Debug;
		};
		1C645DAD1E96A5AF00248E00 /* Release */ = {
			isa = XCBuildConfiguration;
			buildSettings = {
				ALWAYS_SEARCH_USER_PATHS = NO;
				CLANG_ANALYZER_NONNULL = YES;
				CLANG_ANALYZER_NUMBER_OBJECT_CONVERSION = YES_AGGRESSIVE;
				CLANG_CXX_LANGUAGE_STANDARD = "gnu++0x";
				CLANG_CXX_LIBRARY = "libc++";
				CLANG_ENABLE_MODULES = YES;
				CLANG_ENABLE_OBJC_ARC = YES;
				CLANG_WARN_BOOL_CONVERSION = YES;
				CLANG_WARN_CONSTANT_CONVERSION = YES;
				CLANG_WARN_DIRECT_OBJC_ISA_USAGE = YES_ERROR;
				CLANG_WARN_DOCUMENTATION_COMMENTS = YES;
				CLANG_WARN_EMPTY_BODY = YES;
				CLANG_WARN_ENUM_CONVERSION = YES;
				CLANG_WARN_INFINITE_RECURSION = YES;
				CLANG_WARN_INT_CONVERSION = YES;
				CLANG_WARN_OBJC_ROOT_CLASS = YES_ERROR;
				CLANG_WARN_SUSPICIOUS_MOVE = YES;
				CLANG_WARN_UNREACHABLE_CODE = YES;
				CLANG_WARN__DUPLICATE_METHOD_MATCH = YES;
				"CODE_SIGN_IDENTITY[sdk=iphoneos*]" = "iPhone Developer";
				COPY_PHASE_STRIP = NO;
				DEBUG_INFORMATION_FORMAT = "dwarf-with-dsym";
				ENABLE_NS_ASSERTIONS = NO;
				ENABLE_STRICT_OBJC_MSGSEND = YES;
				GCC_C_LANGUAGE_STANDARD = gnu99;
				GCC_NO_COMMON_BLOCKS = YES;
				GCC_WARN_64_TO_32_BIT_CONVERSION = YES;
				GCC_WARN_ABOUT_RETURN_TYPE = YES_ERROR;
				GCC_WARN_UNDECLARED_SELECTOR = YES;
				GCC_WARN_UNINITIALIZED_AUTOS = YES_AGGRESSIVE;
				GCC_WARN_UNUSED_FUNCTION = YES;
				GCC_WARN_UNUSED_VARIABLE = YES;
				IPHONEOS_DEPLOYMENT_TARGET = 10.3;
				MTL_ENABLE_DEBUG_INFO = NO;
				SDKROOT = iphoneos;
				SWIFT_OPTIMIZATION_LEVEL = "-Owholemodule";
				TARGETED_DEVICE_FAMILY = "1,2";
				VALIDATE_PRODUCT = YES;
			};
			name = Release;
		};
		1C645DAF1E96A5AF00248E00 /* Debug */ = {
			isa = XCBuildConfiguration;
			baseConfigurationReference = A9C38B55795577A0CAA6D557 /* Pods-Bravia TV Remote.debug.xcconfig */;
			buildSettings = {
				ASSETCATALOG_COMPILER_APPICON_NAME = AppIcon;
				DEVELOPMENT_TEAM = KF3JR6832Y;
				INFOPLIST_FILE = "Bravia TV Remote/Info.plist";
				LD_RUNPATH_SEARCH_PATHS = "$(inherited) @executable_path/Frameworks";
				PRODUCT_BUNDLE_IDENTIFIER = "craigrhodes.Bravia-TV-Remote";
				PRODUCT_NAME = "$(TARGET_NAME)";
				SWIFT_VERSION = 3.0;
			};
			name = Debug;
		};
		1C645DB01E96A5AF00248E00 /* Release */ = {
			isa = XCBuildConfiguration;
			baseConfigurationReference = 6BBCD460D5D57C84212F836A /* Pods-Bravia TV Remote.release.xcconfig */;
			buildSettings = {
				ASSETCATALOG_COMPILER_APPICON_NAME = AppIcon;
				DEVELOPMENT_TEAM = KF3JR6832Y;
				INFOPLIST_FILE = "Bravia TV Remote/Info.plist";
				LD_RUNPATH_SEARCH_PATHS = "$(inherited) @executable_path/Frameworks";
				PRODUCT_BUNDLE_IDENTIFIER = "craigrhodes.Bravia-TV-Remote";
				PRODUCT_NAME = "$(TARGET_NAME)";
				SWIFT_VERSION = 3.0;
			};
			name = Release;
		};
		1C645DB21E96A5AF00248E00 /* Debug */ = {
			isa = XCBuildConfiguration;
			baseConfigurationReference = 2B676C683B3288B3CCE463CD /* Pods-Bravia TV RemoteTests.debug.xcconfig */;
			buildSettings = {
				ALWAYS_EMBED_SWIFT_STANDARD_LIBRARIES = YES;
				BUNDLE_LOADER = "$(TEST_HOST)";
				DEVELOPMENT_TEAM = KF3JR6832Y;
				INFOPLIST_FILE = "Bravia TV RemoteTests/Info.plist";
				LD_RUNPATH_SEARCH_PATHS = "$(inherited) @executable_path/Frameworks @loader_path/Frameworks";
				PRODUCT_BUNDLE_IDENTIFIER = "craigrhodes.Bravia-TV-RemoteTests";
				PRODUCT_NAME = "$(TARGET_NAME)";
				SWIFT_VERSION = 3.0;
				TEST_HOST = "$(BUILT_PRODUCTS_DIR)/Bravia TV Remote.app/Bravia TV Remote";
			};
			name = Debug;
		};
		1C645DB31E96A5AF00248E00 /* Release */ = {
			isa = XCBuildConfiguration;
			baseConfigurationReference = AACDE9E94414ED6A94D87BDE /* Pods-Bravia TV RemoteTests.release.xcconfig */;
			buildSettings = {
				ALWAYS_EMBED_SWIFT_STANDARD_LIBRARIES = YES;
				BUNDLE_LOADER = "$(TEST_HOST)";
				DEVELOPMENT_TEAM = KF3JR6832Y;
				INFOPLIST_FILE = "Bravia TV RemoteTests/Info.plist";
				LD_RUNPATH_SEARCH_PATHS = "$(inherited) @executable_path/Frameworks @loader_path/Frameworks";
				PRODUCT_BUNDLE_IDENTIFIER = "craigrhodes.Bravia-TV-RemoteTests";
				PRODUCT_NAME = "$(TARGET_NAME)";
				SWIFT_VERSION = 3.0;
				TEST_HOST = "$(BUILT_PRODUCTS_DIR)/Bravia TV Remote.app/Bravia TV Remote";
			};
			name = Release;
		};
		1C645DB51E96A5AF00248E00 /* Debug */ = {
			isa = XCBuildConfiguration;
			baseConfigurationReference = 0ECA90B2582925C948CBDE3D /* Pods-Bravia TV RemoteUITests.debug.xcconfig */;
			buildSettings = {
				ALWAYS_EMBED_SWIFT_STANDARD_LIBRARIES = YES;
				DEVELOPMENT_TEAM = KF3JR6832Y;
				INFOPLIST_FILE = "Bravia TV RemoteUITests/Info.plist";
				LD_RUNPATH_SEARCH_PATHS = "$(inherited) @executable_path/Frameworks @loader_path/Frameworks";
				PRODUCT_BUNDLE_IDENTIFIER = "craigrhodes.Bravia-TV-RemoteUITests";
				PRODUCT_NAME = "$(TARGET_NAME)";
				SWIFT_VERSION = 3.0;
				TEST_TARGET_NAME = "Bravia TV Remote";
			};
			name = Debug;
		};
		1C645DB61E96A5AF00248E00 /* Release */ = {
			isa = XCBuildConfiguration;
			baseConfigurationReference = 0FF769C178A9ADD87EE97AD5 /* Pods-Bravia TV RemoteUITests.release.xcconfig */;
			buildSettings = {
				ALWAYS_EMBED_SWIFT_STANDARD_LIBRARIES = YES;
				DEVELOPMENT_TEAM = KF3JR6832Y;
				INFOPLIST_FILE = "Bravia TV RemoteUITests/Info.plist";
				LD_RUNPATH_SEARCH_PATHS = "$(inherited) @executable_path/Frameworks @loader_path/Frameworks";
				PRODUCT_BUNDLE_IDENTIFIER = "craigrhodes.Bravia-TV-RemoteUITests";
				PRODUCT_NAME = "$(TARGET_NAME)";
				SWIFT_VERSION = 3.0;
				TEST_TARGET_NAME = "Bravia TV Remote";
			};
			name = Release;
		};
/* End XCBuildConfiguration section */

/* Begin XCConfigurationList section */
		1C645D811E96A5AF00248E00 /* Build configuration list for PBXProject "Bravia TV Remote" */ = {
			isa = XCConfigurationList;
			buildConfigurations = (
				1C645DAC1E96A5AF00248E00 /* Debug */,
				1C645DAD1E96A5AF00248E00 /* Release */,
			);
			defaultConfigurationIsVisible = 0;
			defaultConfigurationName = Release;
		};
		1C645DAE1E96A5AF00248E00 /* Build configuration list for PBXNativeTarget "Bravia TV Remote" */ = {
			isa = XCConfigurationList;
			buildConfigurations = (
				1C645DAF1E96A5AF00248E00 /* Debug */,
				1C645DB01E96A5AF00248E00 /* Release */,
			);
			defaultConfigurationIsVisible = 0;
			defaultConfigurationName = Release;
		};
		1C645DB11E96A5AF00248E00 /* Build configuration list for PBXNativeTarget "Bravia TV RemoteTests" */ = {
			isa = XCConfigurationList;
			buildConfigurations = (
				1C645DB21E96A5AF00248E00 /* Debug */,
				1C645DB31E96A5AF00248E00 /* Release */,
			);
			defaultConfigurationIsVisible = 0;
			defaultConfigurationName = Release;
		};
		1C645DB41E96A5AF00248E00 /* Build configuration list for PBXNativeTarget "Bravia TV RemoteUITests" */ = {
			isa = XCConfigurationList;
			buildConfigurations = (
				1C645DB51E96A5AF00248E00 /* Debug */,
				1C645DB61E96A5AF00248E00 /* Release */,
			);
			defaultConfigurationIsVisible = 0;
			defaultConfigurationName = Release;
		};
/* End XCConfigurationList section */
	};
	rootObject = 1C645D7E1E96A5AF00248E00 /* Project object */;
}
